
Microsoft Visual Studio Solution File, Format Version 12.00
# Visual Studio Version 17
VisualStudioVersion = 17.9.34607.119
MinimumVisualStudioVersion = 10.0.40219.1
Project("{9A19103F-16F7-4668-BE54-9A1E7A4F7556}") = "SortWordServer", "SortWordServer\SortWordServer.csproj", "{A2C5D022-A3CD-4936-82A6-46B9517D5644}"
EndProject
Project("{9A19103F-16F7-4668-BE54-9A1E7A4F7556}") = "Client", "SortWordClient\Client.csproj", "{956604BA-DE68-41CE-B883-62C7019BC1B4}"
EndProject
Project("{9A19103F-16F7-4668-BE54-9A1E7A4F7556}") = "BoardServer", "BoardServer\BoardServer.csproj", "{1A83545C-1CC0-47D9-B215-58F1AE8A725C}"
EndProject
Global
	GlobalSection(SolutionConfigurationPlatforms) = preSolution
		Debug|Any CPU = Debug|Any CPU
		Release|Any CPU = Release|Any CPU
	EndGlobalSection
	GlobalSection(ProjectConfigurationPlatforms) = postSolution
		{A2C5D022-A3CD-4936-82A6-46B9517D5644}.Debug|Any CPU.ActiveCfg = Debug|Any CPU
		{A2C5D022-A3CD-4936-82A6-46B9517D5644}.Debug|Any CPU.Build.0 = Debug|Any CPU
		{A2C5D022-A3CD-4936-82A6-46B9517D5644}.Release|Any CPU.ActiveCfg = Release|Any CPU
		{A2C5D022-A3CD-4936-82A6-46B9517D5644}.Release|Any CPU.Build.0 = Release|Any CPU
		{956604BA-DE68-41CE-B883-62C7019BC1B4}.Debug|Any CPU.ActiveCfg = Debug|Any CPU
		{956604BA-DE68-41CE-B883-62C7019BC1B4}.Debug|Any CPU.Build.0 = Debug|Any CPU
		{956604BA-DE68-41CE-B883-62C7019BC1B4}.Release|Any CPU.ActiveCfg = Release|Any CPU
		{956604BA-DE68-41CE-B883-62C7019BC1B4}.Release|Any CPU.Build.0 = Release|Any CPU
		{1A83545C-1CC0-47D9-B215-58F1AE8A725C}.Debug|Any CPU.ActiveCfg = Debug|Any CPU
		{1A83545C-1CC0-47D9-B215-58F1AE8A725C}.Debug|Any CPU.Build.0 = Debug|Any CPU
		{1A83545C-1CC0-47D9-B215-58F1AE8A725C}.Release|Any CPU.ActiveCfg = Release|Any CPU
		{1A83545C-1CC0-47D9-B215-58F1AE8A725C}.Release|Any CPU.Build.0 = Release|Any CPU
	EndGlobalSection
	GlobalSection(SolutionProperties) = preSolution
		HideSolutionNode = FALSE
	EndGlobalSection
	GlobalSection(ExtensibilityGlobals) = postSolution
		SolutionGuid = {9B6742DF-553C-4E4E-AE57-E3D78BE34807}
	EndGlobalSection
EndGlobal
